// !$*UTF8*$!
{
	archiveVersion = 1;
	classes = {
	};
	objectVersion = 46;
	objects = {

/* Begin PBXBuildFile section */
		A70260181C5239EB007B1A10 /* Creep.swift in Sources */ = {isa = PBXBuildFile; fileRef = A70260171C5239EB007B1A10 /* Creep.swift */; };
		A785DFA21C5275AC0062D76B /* Math.swift in Sources */ = {isa = PBXBuildFile; fileRef = A785DFA11C5275AC0062D76B /* Math.swift */; };
		A785DFA51C533AAC0062D76B /* Skill.swift in Sources */ = {isa = PBXBuildFile; fileRef = A785DFA41C533AAC0062D76B /* Skill.swift */; };
		A785DFA71C533B4D0062D76B /* Chop.swift in Sources */ = {isa = PBXBuildFile; fileRef = A785DFA61C533B4D0062D76B /* Chop.swift */; };
		A785DFA91C533B920062D76B /* Shoot.swift in Sources */ = {isa = PBXBuildFile; fileRef = A785DFA81C533B920062D76B /* Shoot.swift */; };
		A785DFAB1C533B9D0062D76B /* FireBall.swift in Sources */ = {isa = PBXBuildFile; fileRef = A785DFAA1C533B9D0062D76B /* FireBall.swift */; };
		A785DFAD1C533BC80062D76B /* HolyLight.swift in Sources */ = {isa = PBXBuildFile; fileRef = A785DFAC1C533BC80062D76B /* HolyLight.swift */; };
		A785DFAF1C5357DF0062D76B /* WithStand.swift in Sources */ = {isa = PBXBuildFile; fileRef = A785DFAE1C5357DF0062D76B /* WithStand.swift */; };
		A785DFB21C535AF30062D76B /* UnitBasis.swift in Sources */ = {isa = PBXBuildFile; fileRef = A785DFB11C535AF30062D76B /* UnitBasis.swift */; };
		A785DFB41C535B1E0062D76B /* UnitStatus.swift in Sources */ = {isa = PBXBuildFile; fileRef = A785DFB31C535B1E0062D76B /* UnitStatus.swift */; };
		A785DFB61C535B5E0062D76B /* Property.swift in Sources */ = {isa = PBXBuildFile; fileRef = A785DFB51C535B5D0062D76B /* Property.swift */; };
		A79CB72F1B8029A60080CFFD /* AppDelegate.swift in Sources */ = {isa = PBXBuildFile; fileRef = A79CB72E1B8029A60080CFFD /* AppDelegate.swift */; };
		A79CB7311B8029A60080CFFD /* ViewController.swift in Sources */ = {isa = PBXBuildFile; fileRef = A79CB7301B8029A60080CFFD /* ViewController.swift */; };
		A79CB7341B8029A60080CFFD /* Main.storyboard in Resources */ = {isa = PBXBuildFile; fileRef = A79CB7321B8029A60080CFFD /* Main.storyboard */; };
		A79CB7361B8029A60080CFFD /* Assets.xcassets in Resources */ = {isa = PBXBuildFile; fileRef = A79CB7351B8029A60080CFFD /* Assets.xcassets */; };
		A79CB7391B8029A60080CFFD /* LaunchScreen.storyboard in Resources */ = {isa = PBXBuildFile; fileRef = A79CB7371B8029A60080CFFD /* LaunchScreen.storyboard */; };
		A79CB7441B8029A60080CFFD /* SettlerTests.swift in Sources */ = {isa = PBXBuildFile; fileRef = A79CB7431B8029A60080CFFD /* SettlerTests.swift */; };
		A79CB74F1B8029A60080CFFD /* SettlerUITests.swift in Sources */ = {isa = PBXBuildFile; fileRef = A79CB74E1B8029A60080CFFD /* SettlerUITests.swift */; };
		A79CB75D1B8039820080CFFD /* BuildViewController.swift in Sources */ = {isa = PBXBuildFile; fileRef = A79CB75C1B8039820080CFFD /* BuildViewController.swift */; };
		A79CB75F1B8039900080CFFD /* FarmViewController.swift in Sources */ = {isa = PBXBuildFile; fileRef = A79CB75E1B8039900080CFFD /* FarmViewController.swift */; };
		A79CB7611B8039A00080CFFD /* TavernViewController.swift in Sources */ = {isa = PBXBuildFile; fileRef = A79CB7601B8039A00080CFFD /* TavernViewController.swift */; };
		A79CB7631B8039B10080CFFD /* MapViewController.swift in Sources */ = {isa = PBXBuildFile; fileRef = A79CB7621B8039B10080CFFD /* MapViewController.swift */; };
		A79CB7661B8039DB0080CFFD /* MainViewController.swift in Sources */ = {isa = PBXBuildFile; fileRef = A79CB7651B8039DB0080CFFD /* MainViewController.swift */; };
		A79CE1791C5208C500C1A20D /* Team.swift in Sources */ = {isa = PBXBuildFile; fileRef = A79CE1781C5208C500C1A20D /* Team.swift */; };
		A7D540BF1C49263E00F4793D /* Unit.swift in Sources */ = {isa = PBXBuildFile; fileRef = A7D540BE1C49263E00F4793D /* Unit.swift */; };
		A7D540C11C49276400F4793D /* Hero.swift in Sources */ = {isa = PBXBuildFile; fileRef = A7D540C01C49276400F4793D /* Hero.swift */; };
		A7D540C31C4928A200F4793D /* Warrior.swift in Sources */ = {isa = PBXBuildFile; fileRef = A7D540C21C4928A200F4793D /* Warrior.swift */; };
		A7D540C51C4928D500F4793D /* Archer.swift in Sources */ = {isa = PBXBuildFile; fileRef = A7D540C41C4928D500F4793D /* Archer.swift */; };
		A7D540C71C4928E600F4793D /* Wizard.swift in Sources */ = {isa = PBXBuildFile; fileRef = A7D540C61C4928E600F4793D /* Wizard.swift */; };
		A7D540C91C49292700F4793D /* Priest.swift in Sources */ = {isa = PBXBuildFile; fileRef = A7D540C81C49292700F4793D /* Priest.swift */; };
/* End PBXBuildFile section */

/* Begin PBXContainerItemProxy section */
		A79CB7401B8029A60080CFFD /* PBXContainerItemProxy */ = {
			isa = PBXContainerItemProxy;
			containerPortal = A79CB7231B8029A60080CFFD /* Project object */;
			proxyType = 1;
			remoteGlobalIDString = A79CB72A1B8029A60080CFFD;
			remoteInfo = Settler;
		};
		A79CB74B1B8029A60080CFFD /* PBXContainerItemProxy */ = {
			isa = PBXContainerItemProxy;
			containerPortal = A79CB7231B8029A60080CFFD /* Project object */;
			proxyType = 1;
			remoteGlobalIDString = A79CB72A1B8029A60080CFFD;
			remoteInfo = Settler;
		};
/* End PBXContainerItemProxy section */

/* Begin PBXFileReference section */
		A70260171C5239EB007B1A10 /* Creep.swift */ = {isa = PBXFileReference; fileEncoding = 4; lastKnownFileType = sourcecode.swift; path = Creep.swift; sourceTree = "<group>"; };
		A785DFA11C5275AC0062D76B /* Math.swift */ = {isa = PBXFileReference; fileEncoding = 4; lastKnownFileType = sourcecode.swift; path = Math.swift; sourceTree = "<group>"; };
		A785DFA41C533AAC0062D76B /* Skill.swift */ = {isa = PBXFileReference; fileEncoding = 4; lastKnownFileType = sourcecode.swift; path = Skill.swift; sourceTree = "<group>"; };
		A785DFA61C533B4D0062D76B /* Chop.swift */ = {isa = PBXFileReference; fileEncoding = 4; lastKnownFileType = sourcecode.swift; path = Chop.swift; sourceTree = "<group>"; };
		A785DFA81C533B920062D76B /* Shoot.swift */ = {isa = PBXFileReference; fileEncoding = 4; lastKnownFileType = sourcecode.swift; path = Shoot.swift; sourceTree = "<group>"; };
		A785DFAA1C533B9D0062D76B /* FireBall.swift */ = {isa = PBXFileReference; fileEncoding = 4; lastKnownFileType = sourcecode.swift; path = FireBall.swift; sourceTree = "<group>"; };
		A785DFAC1C533BC80062D76B /* HolyLight.swift */ = {isa = PBXFileReference; fileEncoding = 4; lastKnownFileType = sourcecode.swift; path = HolyLight.swift; sourceTree = "<group>"; };
		A785DFAE1C5357DF0062D76B /* WithStand.swift */ = {isa = PBXFileReference; fileEncoding = 4; lastKnownFileType = sourcecode.swift; path = WithStand.swift; sourceTree = "<group>"; };
		A785DFB11C535AF30062D76B /* UnitBasis.swift */ = {isa = PBXFileReference; fileEncoding = 4; lastKnownFileType = sourcecode.swift; path = UnitBasis.swift; sourceTree = "<group>"; };
		A785DFB31C535B1E0062D76B /* UnitStatus.swift */ = {isa = PBXFileReference; fileEncoding = 4; lastKnownFileType = sourcecode.swift; path = UnitStatus.swift; sourceTree = "<group>"; };
		A785DFB51C535B5D0062D76B /* Property.swift */ = {isa = PBXFileReference; fileEncoding = 4; lastKnownFileType = sourcecode.swift; path = Property.swift; sourceTree = "<group>"; };
		A79CB72B1B8029A60080CFFD /* Settler.app */ = {isa = PBXFileReference; explicitFileType = wrapper.application; includeInIndex = 0; path = Settler.app; sourceTree = BUILT_PRODUCTS_DIR; };
		A79CB72E1B8029A60080CFFD /* AppDelegate.swift */ = {isa = PBXFileReference; lastKnownFileType = sourcecode.swift; path = AppDelegate.swift; sourceTree = "<group>"; };
		A79CB7301B8029A60080CFFD /* ViewController.swift */ = {isa = PBXFileReference; lastKnownFileType = sourcecode.swift; path = ViewController.swift; sourceTree = "<group>"; };
		A79CB7331B8029A60080CFFD /* Base */ = {isa = PBXFileReference; lastKnownFileType = file.storyboard; name = Base; path = Base.lproj/Main.storyboard; sourceTree = "<group>"; };
		A79CB7351B8029A60080CFFD /* Assets.xcassets */ = {isa = PBXFileReference; lastKnownFileType = folder.assetcatalog; path = Assets.xcassets; sourceTree = "<group>"; };
		A79CB7381B8029A60080CFFD /* Base */ = {isa = PBXFileReference; lastKnownFileType = file.storyboard; name = Base; path = Base.lproj/LaunchScreen.storyboard; sourceTree = "<group>"; };
		A79CB73A1B8029A60080CFFD /* Info.plist */ = {isa = PBXFileReference; lastKnownFileType = text.plist.xml; path = Info.plist; sourceTree = "<group>"; };
		A79CB73F1B8029A60080CFFD /* SettlerTests.xctest */ = {isa = PBXFileReference; explicitFileType = wrapper.cfbundle; includeInIndex = 0; path = SettlerTests.xctest; sourceTree = BUILT_PRODUCTS_DIR; };
		A79CB7431B8029A60080CFFD /* SettlerTests.swift */ = {isa = PBXFileReference; lastKnownFileType = sourcecode.swift; path = SettlerTests.swift; sourceTree = "<group>"; };
		A79CB7451B8029A60080CFFD /* Info.plist */ = {isa = PBXFileReference; lastKnownFileType = text.plist.xml; path = Info.plist; sourceTree = "<group>"; };
		A79CB74A1B8029A60080CFFD /* SettlerUITests.xctest */ = {isa = PBXFileReference; explicitFileType = wrapper.cfbundle; includeInIndex = 0; path = SettlerUITests.xctest; sourceTree = BUILT_PRODUCTS_DIR; };
		A79CB74E1B8029A60080CFFD /* SettlerUITests.swift */ = {isa = PBXFileReference; lastKnownFileType = sourcecode.swift; path = SettlerUITests.swift; sourceTree = "<group>"; };
		A79CB7501B8029A60080CFFD /* Info.plist */ = {isa = PBXFileReference; lastKnownFileType = text.plist.xml; path = Info.plist; sourceTree = "<group>"; };
		A79CB75C1B8039820080CFFD /* BuildViewController.swift */ = {isa = PBXFileReference; fileEncoding = 4; lastKnownFileType = sourcecode.swift; path = BuildViewController.swift; sourceTree = "<group>"; };
		A79CB75E1B8039900080CFFD /* FarmViewController.swift */ = {isa = PBXFileReference; fileEncoding = 4; lastKnownFileType = sourcecode.swift; path = FarmViewController.swift; sourceTree = "<group>"; };
		A79CB7601B8039A00080CFFD /* TavernViewController.swift */ = {isa = PBXFileReference; fileEncoding = 4; lastKnownFileType = sourcecode.swift; path = TavernViewController.swift; sourceTree = "<group>"; };
		A79CB7621B8039B10080CFFD /* MapViewController.swift */ = {isa = PBXFileReference; fileEncoding = 4; lastKnownFileType = sourcecode.swift; path = MapViewController.swift; sourceTree = "<group>"; };
		A79CB7651B8039DB0080CFFD /* MainViewController.swift */ = {isa = PBXFileReference; fileEncoding = 4; lastKnownFileType = sourcecode.swift; path = MainViewController.swift; sourceTree = "<group>"; };
		A79CE1781C5208C500C1A20D /* Team.swift */ = {isa = PBXFileReference; fileEncoding = 4; lastKnownFileType = sourcecode.swift; path = Team.swift; sourceTree = "<group>"; };
		A7D540BE1C49263E00F4793D /* Unit.swift */ = {isa = PBXFileReference; fileEncoding = 4; lastKnownFileType = sourcecode.swift; path = Unit.swift; sourceTree = "<group>"; };
		A7D540C01C49276400F4793D /* Hero.swift */ = {isa = PBXFileReference; fileEncoding = 4; lastKnownFileType = sourcecode.swift; path = Hero.swift; sourceTree = "<group>"; };
		A7D540C21C4928A200F4793D /* Warrior.swift */ = {isa = PBXFileReference; fileEncoding = 4; lastKnownFileType = sourcecode.swift; path = Warrior.swift; sourceTree = "<group>"; };
		A7D540C41C4928D500F4793D /* Archer.swift */ = {isa = PBXFileReference; fileEncoding = 4; lastKnownFileType = sourcecode.swift; path = Archer.swift; sourceTree = "<group>"; };
		A7D540C61C4928E600F4793D /* Wizard.swift */ = {isa = PBXFileReference; fileEncoding = 4; lastKnownFileType = sourcecode.swift; path = Wizard.swift; sourceTree = "<group>"; };
		A7D540C81C49292700F4793D /* Priest.swift */ = {isa = PBXFileReference; fileEncoding = 4; lastKnownFileType = sourcecode.swift; path = Priest.swift; sourceTree = "<group>"; };
/* End PBXFileReference section */

/* Begin PBXFrameworksBuildPhase section */
		A79CB7281B8029A60080CFFD /* Frameworks */ = {
			isa = PBXFrameworksBuildPhase;
			buildActionMask = 2147483647;
			files = (
			);
			runOnlyForDeploymentPostprocessing = 0;
		};
		A79CB73C1B8029A60080CFFD /* Frameworks */ = {
			isa = PBXFrameworksBuildPhase;
			buildActionMask = 2147483647;
			files = (
			);
			runOnlyForDeploymentPostprocessing = 0;
		};
		A79CB7471B8029A60080CFFD /* Frameworks */ = {
			isa = PBXFrameworksBuildPhase;
			buildActionMask = 2147483647;
			files = (
			);
			runOnlyForDeploymentPostprocessing = 0;
		};
/* End PBXFrameworksBuildPhase section */

/* Begin PBXGroup section */
		A785DFA01C5275500062D76B /* Util */ = {
			isa = PBXGroup;
			children = (
				A785DFA11C5275AC0062D76B /* Math.swift */,
			);
			name = Util;
			sourceTree = "<group>";
		};
		A785DFA31C533A960062D76B /* Skill */ = {
			isa = PBXGroup;
			children = (
				A785DFA41C533AAC0062D76B /* Skill.swift */,
				A785DFA61C533B4D0062D76B /* Chop.swift */,
				A785DFA81C533B920062D76B /* Shoot.swift */,
				A785DFAA1C533B9D0062D76B /* FireBall.swift */,
				A785DFAC1C533BC80062D76B /* HolyLight.swift */,
				A785DFAE1C5357DF0062D76B /* WithStand.swift */,
			);
			name = Skill;
			sourceTree = "<group>";
		};
		A785DFB01C5359930062D76B /* Buff */ = {
			isa = PBXGroup;
			children = (
			);
			name = Buff;
			sourceTree = "<group>";
		};
		A79CB7221B8029A60080CFFD = {
			isa = PBXGroup;
			children = (
				A79CB72D1B8029A60080CFFD /* Settler */,
				A79CB7421B8029A60080CFFD /* SettlerTests */,
				A79CB74D1B8029A60080CFFD /* SettlerUITests */,
				A79CB72C1B8029A60080CFFD /* Products */,
			);
			sourceTree = "<group>";
		};
		A79CB72C1B8029A60080CFFD /* Products */ = {
			isa = PBXGroup;
			children = (
				A79CB72B1B8029A60080CFFD /* Settler.app */,
				A79CB73F1B8029A60080CFFD /* SettlerTests.xctest */,
				A79CB74A1B8029A60080CFFD /* SettlerUITests.xctest */,
			);
			name = Products;
			sourceTree = "<group>";
		};
		A79CB72D1B8029A60080CFFD /* Settler */ = {
			isa = PBXGroup;
			children = (
				A79CB7641B8039BB0080CFFD /* Source */,
				A79CB72E1B8029A60080CFFD /* AppDelegate.swift */,
				A79CB7301B8029A60080CFFD /* ViewController.swift */,
				A79CB7321B8029A60080CFFD /* Main.storyboard */,
				A79CB7351B8029A60080CFFD /* Assets.xcassets */,
				A79CB7371B8029A60080CFFD /* LaunchScreen.storyboard */,
				A79CB73A1B8029A60080CFFD /* Info.plist */,
			);
			path = Settler;
			sourceTree = "<group>";
		};
		A79CB7421B8029A60080CFFD /* SettlerTests */ = {
			isa = PBXGroup;
			children = (
				A79CB7431B8029A60080CFFD /* SettlerTests.swift */,
				A79CB7451B8029A60080CFFD /* Info.plist */,
			);
			path = SettlerTests;
			sourceTree = "<group>";
		};
		A79CB74D1B8029A60080CFFD /* SettlerUITests */ = {
			isa = PBXGroup;
			children = (
				A79CB74E1B8029A60080CFFD /* SettlerUITests.swift */,
				A79CB7501B8029A60080CFFD /* Info.plist */,
			);
			path = SettlerUITests;
			sourceTree = "<group>";
		};
		A79CB7641B8039BB0080CFFD /* Source */ = {
			isa = PBXGroup;
			children = (
				A785DFB01C5359930062D76B /* Buff */,
				A785DFA31C533A960062D76B /* Skill */,
				A785DFA01C5275500062D76B /* Util */,
				A7D540BD1C49262700F4793D /* Unit */,
				A79CB75C1B8039820080CFFD /* BuildViewController.swift */,
				A79CB75E1B8039900080CFFD /* FarmViewController.swift */,
				A79CB7601B8039A00080CFFD /* TavernViewController.swift */,
				A79CB7621B8039B10080CFFD /* MapViewController.swift */,
				A79CB7651B8039DB0080CFFD /* MainViewController.swift */,
			);
			name = Source;
			sourceTree = "<group>";
		};
		A7D540BD1C49262700F4793D /* Unit */ = {
			isa = PBXGroup;
			children = (
				A7D540BE1C49263E00F4793D /* Unit.swift */,
				A785DFB11C535AF30062D76B /* UnitBasis.swift */,
				A785DFB31C535B1E0062D76B /* UnitStatus.swift */,
				A785DFB51C535B5D0062D76B /* Property.swift */,
				A7D540C01C49276400F4793D /* Hero.swift */,
				A7D540C21C4928A200F4793D /* Warrior.swift */,
				A7D540C41C4928D500F4793D /* Archer.swift */,
				A7D540C61C4928E600F4793D /* Wizard.swift */,
				A7D540C81C49292700F4793D /* Priest.swift */,
				A79CE1781C5208C500C1A20D /* Team.swift */,
				A70260171C5239EB007B1A10 /* Creep.swift */,
			);
			name = Unit;
			sourceTree = "<group>";
		};
/* End PBXGroup section */

/* Begin PBXNativeTarget section */
		A79CB72A1B8029A60080CFFD /* Settler */ = {
			isa = PBXNativeTarget;
			buildConfigurationList = A79CB7531B8029A60080CFFD /* Build configuration list for PBXNativeTarget "Settler" */;
			buildPhases = (
				A79CB7271B8029A60080CFFD /* Sources */,
				A79CB7281B8029A60080CFFD /* Frameworks */,
				A79CB7291B8029A60080CFFD /* Resources */,
			);
			buildRules = (
			);
			dependencies = (
			);
			name = Settler;
			productName = Settler;
			productReference = A79CB72B1B8029A60080CFFD /* Settler.app */;
			productType = "com.apple.product-type.application";
		};
		A79CB73E1B8029A60080CFFD /* SettlerTests */ = {
			isa = PBXNativeTarget;
			buildConfigurationList = A79CB7561B8029A60080CFFD /* Build configuration list for PBXNativeTarget "SettlerTests" */;
			buildPhases = (
				A79CB73B1B8029A60080CFFD /* Sources */,
				A79CB73C1B8029A60080CFFD /* Frameworks */,
				A79CB73D1B8029A60080CFFD /* Resources */,
			);
			buildRules = (
			);
			dependencies = (
				A79CB7411B8029A60080CFFD /* PBXTargetDependency */,
			);
			name = SettlerTests;
			productName = SettlerTests;
			productReference = A79CB73F1B8029A60080CFFD /* SettlerTests.xctest */;
			productType = "com.apple.product-type.bundle.unit-test";
		};
		A79CB7491B8029A60080CFFD /* SettlerUITests */ = {
			isa = PBXNativeTarget;
			buildConfigurationList = A79CB7591B8029A60080CFFD /* Build configuration list for PBXNativeTarget "SettlerUITests" */;
			buildPhases = (
				A79CB7461B8029A60080CFFD /* Sources */,
				A79CB7471B8029A60080CFFD /* Frameworks */,
				A79CB7481B8029A60080CFFD /* Resources */,
			);
			buildRules = (
			);
			dependencies = (
				A79CB74C1B8029A60080CFFD /* PBXTargetDependency */,
			);
			name = SettlerUITests;
			productName = SettlerUITests;
			productReference = A79CB74A1B8029A60080CFFD /* SettlerUITests.xctest */;
			productType = "com.apple.product-type.bundle.ui-testing";
		};
/* End PBXNativeTarget section */

/* Begin PBXProject section */
		A79CB7231B8029A60080CFFD /* Project object */ = {
			isa = PBXProject;
			attributes = {
				CLASSPREFIX = ES;
				LastUpgradeCheck = 0700;
				ORGANIZATIONNAME = Easter;
				TargetAttributes = {
					A79CB72A1B8029A60080CFFD = {
						CreatedOnToolsVersion = 7.0;
					};
					A79CB73E1B8029A60080CFFD = {
						CreatedOnToolsVersion = 7.0;
						TestTargetID = A79CB72A1B8029A60080CFFD;
					};
					A79CB7491B8029A60080CFFD = {
						CreatedOnToolsVersion = 7.0;
						TestTargetID = A79CB72A1B8029A60080CFFD;
					};
				};
			};
			buildConfigurationList = A79CB7261B8029A60080CFFD /* Build configuration list for PBXProject "Settler" */;
			compatibilityVersion = "Xcode 3.2";
			developmentRegion = English;
			hasScannedForEncodings = 0;
			knownRegions = (
				en,
				Base,
			);
			mainGroup = A79CB7221B8029A60080CFFD;
			productRefGroup = A79CB72C1B8029A60080CFFD /* Products */;
			projectDirPath = "";
			projectRoot = "";
			targets = (
				A79CB72A1B8029A60080CFFD /* Settler */,
				A79CB73E1B8029A60080CFFD /* SettlerTests */,
				A79CB7491B8029A60080CFFD /* SettlerUITests */,
			);
		};
/* End PBXProject section */

/* Begin PBXResourcesBuildPhase section */
		A79CB7291B8029A60080CFFD /* Resources */ = {
			isa = PBXResourcesBuildPhase;
			buildActionMask = 2147483647;
			files = (
				A79CB7391B8029A60080CFFD /* LaunchScreen.storyboard in Resources */,
				A79CB7361B8029A60080CFFD /* Assets.xcassets in Resources */,
				A79CB7341B8029A60080CFFD /* Main.storyboard in Resources */,
			);
			runOnlyForDeploymentPostprocessing = 0;
		};
		A79CB73D1B8029A60080CFFD /* Resources */ = {
			isa = PBXResourcesBuildPhase;
			buildActionMask = 2147483647;
			files = (
			);
			runOnlyForDeploymentPostprocessing = 0;
		};
		A79CB7481B8029A60080CFFD /* Resources */ = {
			isa = PBXResourcesBuildPhase;
			buildActionMask = 2147483647;
			files = (
			);
			runOnlyForDeploymentPostprocessing = 0;
		};
/* End PBXResourcesBuildPhase section */

/* Begin PBXSourcesBuildPhase section */
		A79CB7271B8029A60080CFFD /* Sources */ = {
			isa = PBXSourcesBuildPhase;
			buildActionMask = 2147483647;
			files = (
				A7D540C91C49292700F4793D /* Priest.swift in Sources */,
				A785DFA91C533B920062D76B /* Shoot.swift in Sources */,
				A79CB7661B8039DB0080CFFD /* MainViewController.swift in Sources */,
				A79CE1791C5208C500C1A20D /* Team.swift in Sources */,
				A79CB75F1B8039900080CFFD /* FarmViewController.swift in Sources */,
				A785DFB61C535B5E0062D76B /* Property.swift in Sources */,
				A785DFA51C533AAC0062D76B /* Skill.swift in Sources */,
				A7D540C51C4928D500F4793D /* Archer.swift in Sources */,
				A7D540C11C49276400F4793D /* Hero.swift in Sources */,
				A7D540C71C4928E600F4793D /* Wizard.swift in Sources */,
				A79CB7631B8039B10080CFFD /* MapViewController.swift in Sources */,
				A785DFAD1C533BC80062D76B /* HolyLight.swift in Sources */,
				A79CB7311B8029A60080CFFD /* ViewController.swift in Sources */,
				A79CB75D1B8039820080CFFD /* BuildViewController.swift in Sources */,
				A7D540C31C4928A200F4793D /* Warrior.swift in Sources */,
				A7D540BF1C49263E00F4793D /* Unit.swift in Sources */,
				A785DFB41C535B1E0062D76B /* UnitStatus.swift in Sources */,
				A785DFAB1C533B9D0062D76B /* FireBall.swift in Sources */,
				A70260181C5239EB007B1A10 /* Creep.swift in Sources */,
				A79CB72F1B8029A60080CFFD /* AppDelegate.swift in Sources */,
				A785DFB21C535AF30062D76B /* UnitBasis.swift in Sources */,
				A785DFAF1C5357DF0062D76B /* WithStand.swift in Sources */,
				A785DFA71C533B4D0062D76B /* Chop.swift in Sources */,
				A79CB7611B8039A00080CFFD /* TavernViewController.swift in Sources */,
				A785DFA21C5275AC0062D76B /* Math.swift in Sources */,
			);
			runOnlyForDeploymentPostprocessing = 0;
		};
		A79CB73B1B8029A60080CFFD /* Sources */ = {
			isa = PBXSourcesBuildPhase;
			buildActionMask = 2147483647;
			files = (
				A79CB7441B8029A60080CFFD /* SettlerTests.swift in Sources */,
			);
			runOnlyForDeploymentPostprocessing = 0;
		};
		A79CB7461B8029A60080CFFD /* Sources */ = {
			isa = PBXSourcesBuildPhase;
			buildActionMask = 2147483647;
			files = (
				A79CB74F1B8029A60080CFFD /* SettlerUITests.swift in Sources */,
			);
			runOnlyForDeploymentPostprocessing = 0;
		};
/* End PBXSourcesBuildPhase section */

/* Begin PBXTargetDependency section */
		A79CB7411B8029A60080CFFD /* PBXTargetDependency */ = {
			isa = PBXTargetDependency;
			target = A79CB72A1B8029A60080CFFD /* Settler */;
			targetProxy = A79CB7401B8029A60080CFFD /* PBXContainerItemProxy */;
		};
		A79CB74C1B8029A60080CFFD /* PBXTargetDependency */ = {
			isa = PBXTargetDependency;
			target = A79CB72A1B8029A60080CFFD /* Settler */;
			targetProxy = A79CB74B1B8029A60080CFFD /* PBXContainerItemProxy */;
		};
/* End PBXTargetDependency section */

/* Begin PBXVariantGroup section */
		A79CB7321B8029A60080CFFD /* Main.storyboard */ = {
			isa = PBXVariantGroup;
			children = (
				A79CB7331B8029A60080CFFD /* Base */,
			);
			name = Main.storyboard;
			sourceTree = "<group>";
		};
		A79CB7371B8029A60080CFFD /* LaunchScreen.storyboard */ = {
			isa = PBXVariantGroup;
			children = (
				A79CB7381B8029A60080CFFD /* Base */,
			);
			name = LaunchScreen.storyboard;
			sourceTree = "<group>";
		};
/* End PBXVariantGroup section */

/* Begin XCBuildConfiguration section */
		A79CB7511B8029A60080CFFD /* Debug */ = {
			isa = XCBuildConfiguration;
			buildSettings = {
				ALWAYS_SEARCH_USER_PATHS = NO;
				CLANG_CXX_LANGUAGE_STANDARD = "gnu++0x";
				CLANG_CXX_LIBRARY = "libc++";
				CLANG_ENABLE_MODULES = YES;
				CLANG_ENABLE_OBJC_ARC = YES;
				CLANG_WARN_BOOL_CONVERSION = YES;
				CLANG_WARN_CONSTANT_CONVERSION = YES;
				CLANG_WARN_DIRECT_OBJC_ISA_USAGE = YES_ERROR;
				CLANG_WARN_EMPTY_BODY = YES;
				CLANG_WARN_ENUM_CONVERSION = YES;
				CLANG_WARN_INT_CONVERSION = YES;
				CLANG_WARN_OBJC_ROOT_CLASS = YES_ERROR;
				CLANG_WARN_UNREACHABLE_CODE = YES;
				CLANG_WARN__DUPLICATE_METHOD_MATCH = YES;
				"CODE_SIGN_IDENTITY[sdk=iphoneos*]" = "iPhone Developer";
				COPY_PHASE_STRIP = NO;
				DEBUG_INFORMATION_FORMAT = dwarf;
				ENABLE_STRICT_OBJC_MSGSEND = YES;
				ENABLE_TESTABILITY = YES;
				GCC_C_LANGUAGE_STANDARD = gnu99;
				GCC_DYNAMIC_NO_PIC = NO;
				GCC_NO_COMMON_BLOCKS = YES;
				GCC_OPTIMIZATION_LEVEL = 0;
				GCC_PREPROCESSOR_DEFINITIONS = (
					"DEBUG=1",
					"$(inherited)",
				);
				GCC_WARN_64_TO_32_BIT_CONVERSION = YES;
				GCC_WARN_ABOUT_RETURN_TYPE = YES_ERROR;
				GCC_WARN_UNDECLARED_SELECTOR = YES;
				GCC_WARN_UNINITIALIZED_AUTOS = YES_AGGRESSIVE;
				GCC_WARN_UNUSED_FUNCTION = YES;
				GCC_WARN_UNUSED_VARIABLE = YES;
				IPHONEOS_DEPLOYMENT_TARGET = 9.0;
				MTL_ENABLE_DEBUG_INFO = YES;
				ONLY_ACTIVE_ARCH = YES;
				SDKROOT = iphoneos;
				SWIFT_OPTIMIZATION_LEVEL = "-Onone";
			};
			name = Debug;
		};
		A79CB7521B8029A60080CFFD /* Release */ = {
			isa = XCBuildConfiguration;
			buildSettings = {
				ALWAYS_SEARCH_USER_PATHS = NO;
				CLANG_CXX_LANGUAGE_STANDARD = "gnu++0x";
				CLANG_CXX_LIBRARY = "libc++";
				CLANG_ENABLE_MODULES = YES;
				CLANG_ENABLE_OBJC_ARC = YES;
				CLANG_WARN_BOOL_CONVERSION = YES;
				CLANG_WARN_CONSTANT_CONVERSION = YES;
				CLANG_WARN_DIRECT_OBJC_ISA_USAGE = YES_ERROR;
				CLANG_WARN_EMPTY_BODY = YES;
				CLANG_WARN_ENUM_CONVERSION = YES;
				CLANG_WARN_INT_CONVERSION = YES;
				CLANG_WARN_OBJC_ROOT_CLASS = YES_ERROR;
				CLANG_WARN_UNREACHABLE_CODE = YES;
				CLANG_WARN__DUPLICATE_METHOD_MATCH = YES;
				"CODE_SIGN_IDENTITY[sdk=iphoneos*]" = "iPhone Developer";
				COPY_PHASE_STRIP = NO;
				DEBUG_INFORMATION_FORMAT = "dwarf-with-dsym";
				ENABLE_NS_ASSERTIONS = NO;
				ENABLE_STRICT_OBJC_MSGSEND = YES;
				GCC_C_LANGUAGE_STANDARD = gnu99;
				GCC_NO_COMMON_BLOCKS = YES;
				GCC_WARN_64_TO_32_BIT_CONVERSION = YES;
				GCC_WARN_ABOUT_RETURN_TYPE = YES_ERROR;
				GCC_WARN_UNDECLARED_SELECTOR = YES;
				GCC_WARN_UNINITIALIZED_AUTOS = YES_AGGRESSIVE;
				GCC_WARN_UNUSED_FUNCTION = YES;
				GCC_WARN_UNUSED_VARIABLE = YES;
				IPHONEOS_DEPLOYMENT_TARGET = 9.0;
				MTL_ENABLE_DEBUG_INFO = NO;
				SDKROOT = iphoneos;
				VALIDATE_PRODUCT = YES;
			};
			name = Release;
		};
		A79CB7541B8029A60080CFFD /* Debug */ = {
			isa = XCBuildConfiguration;
			buildSettings = {
				ASSETCATALOG_COMPILER_APPICON_NAME = AppIcon;
				INFOPLIST_FILE = Settler/Info.plist;
				LD_RUNPATH_SEARCH_PATHS = "$(inherited) @executable_path/Frameworks";
				PRODUCT_BUNDLE_IDENTIFIER = com.easter.settler;
				PRODUCT_NAME = "$(TARGET_NAME)";
			};
			name = Debug;
		};
		A79CB7551B8029A60080CFFD /* Release */ = {
			isa = XCBuildConfiguration;
			buildSettings = {
				ASSETCATALOG_COMPILER_APPICON_NAME = AppIcon;
				INFOPLIST_FILE = Settler/Info.plist;
				LD_RUNPATH_SEARCH_PATHS = "$(inherited) @executable_path/Frameworks";
				PRODUCT_BUNDLE_IDENTIFIER = com.easter.settler;
				PRODUCT_NAME = "$(TARGET_NAME)";
			};
			name = Release;
		};
		A79CB7571B8029A60080CFFD /* Debug */ = {
			isa = XCBuildConfiguration;
			buildSettings = {
				BUNDLE_LOADER = "$(TEST_HOST)";
				INFOPLIST_FILE = SettlerTests/Info.plist;
				LD_RUNPATH_SEARCH_PATHS = "$(inherited) @executable_path/Frameworks @loader_path/Frameworks";
				PRODUCT_BUNDLE_IDENTIFIER = com.easter.SettlerTests;
				PRODUCT_NAME = "$(TARGET_NAME)";
				TEST_HOST = "$(BUILT_PRODUCTS_DIR)/Settler.app/Settler";
			};
			name = Debug;
		};
		A79CB7581B8029A60080CFFD /* Release */ = {
			isa = XCBuildConfiguration;
			buildSettings = {
				BUNDLE_LOADER = "$(TEST_HOST)";
				INFOPLIST_FILE = SettlerTests/Info.plist;
				LD_RUNPATH_SEARCH_PATHS = "$(inherited) @executable_path/Frameworks @loader_path/Frameworks";
				PRODUCT_BUNDLE_IDENTIFIER = com.easter.SettlerTests;
				PRODUCT_NAME = "$(TARGET_NAME)";
				TEST_HOST = "$(BUILT_PRODUCTS_DIR)/Settler.app/Settler";
			};
			name = Release;
		};
		A79CB75A1B8029A60080CFFD /* Debug */ = {
			isa = XCBuildConfiguration;
			buildSettings = {
				INFOPLIST_FILE = SettlerUITests/Info.plist;
				LD_RUNPATH_SEARCH_PATHS = "$(inherited) @executable_path/Frameworks @loader_path/Frameworks";
				PRODUCT_BUNDLE_IDENTIFIER = com.easter.SettlerUITests;
				PRODUCT_NAME = "$(TARGET_NAME)";
				TEST_TARGET_NAME = Settler;
				USES_XCTRUNNER = YES;
			};
			name = Debug;
		};
		A79CB75B1B8029A60080CFFD /* Release */ = {
			isa = XCBuildConfiguration;
			buildSettings = {
				INFOPLIST_FILE = SettlerUITests/Info.plist;
				LD_RUNPATH_SEARCH_PATHS = "$(inherited) @executable_path/Frameworks @loader_path/Frameworks";
				PRODUCT_BUNDLE_IDENTIFIER = com.easter.SettlerUITests;
				PRODUCT_NAME = "$(TARGET_NAME)";
				TEST_TARGET_NAME = Settler;
				USES_XCTRUNNER = YES;
			};
			name = Release;
		};
/* End XCBuildConfiguration section */

/* Begin XCConfigurationList section */
		A79CB7261B8029A60080CFFD /* Build configuration list for PBXProject "Settler" */ = {
			isa = XCConfigurationList;
			buildConfigurations = (
				A79CB7511B8029A60080CFFD /* Debug */,
				A79CB7521B8029A60080CFFD /* Release */,
			);
			defaultConfigurationIsVisible = 0;
			defaultConfigurationName = Release;
		};
		A79CB7531B8029A60080CFFD /* Build configuration list for PBXNativeTarget "Settler" */ = {
			isa = XCConfigurationList;
			buildConfigurations = (
				A79CB7541B8029A60080CFFD /* Debug */,
				A79CB7551B8029A60080CFFD /* Release */,
			);
			defaultConfigurationIsVisible = 0;
			defaultConfigurationName = Release;
		};
		A79CB7561B8029A60080CFFD /* Build configuration list for PBXNativeTarget "SettlerTests" */ = {
			isa = XCConfigurationList;
			buildConfigurations = (
				A79CB7571B8029A60080CFFD /* Debug */,
				A79CB7581B8029A60080CFFD /* Release */,
			);
			defaultConfigurationIsVisible = 0;
			defaultConfigurationName = Release;
		};
		A79CB7591B8029A60080CFFD /* Build configuration list for PBXNativeTarget "SettlerUITests" */ = {
			isa = XCConfigurationList;
			buildConfigurations = (
				A79CB75A1B8029A60080CFFD /* Debug */,
				A79CB75B1B8029A60080CFFD /* Release */,
			);
			defaultConfigurationIsVisible = 0;
			defaultConfigurationName = Release;
		};
/* End XCConfigurationList section */
	};
	rootObject = A79CB7231B8029A60080CFFD /* Project object */;
}
